// !$*UTF8*$!
{
	archiveVersion = 1;
	classes = {
	};
	objectVersion = 46;
	objects = {

/* Begin PBXBuildFile section */
		AA3FA5401CE63FCF004165B5 /* AppDelegate.swift in Sources */ = {isa = PBXBuildFile; fileRef = AA3FA53F1CE63FCF004165B5 /* AppDelegate.swift */; };
		AA3FA5421CE63FCF004165B5 /* ReviewsViewController.swift in Sources */ = {isa = PBXBuildFile; fileRef = AA3FA5411CE63FCF004165B5 /* ReviewsViewController.swift */; };
		AA3FA54A1CE63FCF004165B5 /* Assets.xcassets in Resources */ = {isa = PBXBuildFile; fileRef = AA3FA5491CE63FCF004165B5 /* Assets.xcassets */; };
		AA3FA54D1CE63FCF004165B5 /* LaunchScreen.storyboard in Resources */ = {isa = PBXBuildFile; fileRef = AA3FA54B1CE63FCF004165B5 /* LaunchScreen.storyboard */; };
		AA3FA5581CE63FCF004165B5 /* ReviewEntityManagerTests.swift in Sources */ = {isa = PBXBuildFile; fileRef = AA3FA5571CE63FCF004165B5 /* ReviewEntityManagerTests.swift */; };
		AA7413571CE646D600F810C3 /* Review.swift in Sources */ = {isa = PBXBuildFile; fileRef = AA7413561CE646D600F810C3 /* Review.swift */; };
		AA7413601CE6565C00F810C3 /* ReviewCell.swift in Sources */ = {isa = PBXBuildFile; fileRef = AA74135F1CE6565C00F810C3 /* ReviewCell.swift */; };
		AA7413631CE657F600F810C3 /* ReusableType.swift in Sources */ = {isa = PBXBuildFile; fileRef = AA7413621CE657F600F810C3 /* ReusableType.swift */; };
		AA7413651CE65A2400F810C3 /* UITableView+ReusableType.swift in Sources */ = {isa = PBXBuildFile; fileRef = AA7413641CE65A2400F810C3 /* UITableView+ReusableType.swift */; };
		AA7413671CE65BF100F810C3 /* ReviewsViewModel.swift in Sources */ = {isa = PBXBuildFile; fileRef = AA7413661CE65BF100F810C3 /* ReviewsViewModel.swift */; };
		AA7413691CE65D3300F810C3 /* ReviewCellViewModel.swift in Sources */ = {isa = PBXBuildFile; fileRef = AA7413681CE65D3300F810C3 /* ReviewCellViewModel.swift */; };
		AA74136C1CE6681B00F810C3 /* EntityManagerType.swift in Sources */ = {isa = PBXBuildFile; fileRef = AA74136B1CE6681B00F810C3 /* EntityManagerType.swift */; };
		AA74136E1CE6695700F810C3 /* ReviewEntityManager.swift in Sources */ = {isa = PBXBuildFile; fileRef = AA74136D1CE6695700F810C3 /* ReviewEntityManager.swift */; };
		AA7413711CE6753E00F810C3 /* MessageCell.swift in Sources */ = {isa = PBXBuildFile; fileRef = AA7413701CE6753E00F810C3 /* MessageCell.swift */; };
		AA7413731CE67C9F00F810C3 /* MessageCellViewModel.swift in Sources */ = {isa = PBXBuildFile; fileRef = AA7413721CE67C9F00F810C3 /* MessageCellViewModel.swift */; };
		AA7413751CE68A2100F810C3 /* ReviewAPI.swift in Sources */ = {isa = PBXBuildFile; fileRef = AA7413741CE68A2100F810C3 /* ReviewAPI.swift */; };
		AA7413781CE68CE100F810C3 /* ReviewAPIRequestBuilder.swift in Sources */ = {isa = PBXBuildFile; fileRef = AA7413771CE68CE100F810C3 /* ReviewAPIRequestBuilder.swift */; };
		AA74137D1CE71FF900F810C3 /* Colors.swift in Sources */ = {isa = PBXBuildFile; fileRef = AA74137C1CE71FF900F810C3 /* Colors.swift */; };
		AA74137F1CE724E700F810C3 /* Fonts.swift in Sources */ = {isa = PBXBuildFile; fileRef = AA74137E1CE724E700F810C3 /* Fonts.swift */; };
		AA7413811CE728B000F810C3 /* RatingView.swift in Sources */ = {isa = PBXBuildFile; fileRef = AA7413801CE728B000F810C3 /* RatingView.swift */; };
		AA7413831CE7476900F810C3 /* ReviewErrorResponse.swift in Sources */ = {isa = PBXBuildFile; fileRef = AA7413821CE7476900F810C3 /* ReviewErrorResponse.swift */; };
		AA7413851CE74CE900F810C3 /* ReviewsSuccessResponse.swift in Sources */ = {isa = PBXBuildFile; fileRef = AA7413841CE74CE900F810C3 /* ReviewsSuccessResponse.swift */; };
		AA7413891CE7771700F810C3 /* RealmTestCase.swift in Sources */ = {isa = PBXBuildFile; fileRef = AA7413881CE7771700F810C3 /* RealmTestCase.swift */; };
		AA74138F1CE78B2500F810C3 /* ReviewCellViewModelFactory.swift in Sources */ = {isa = PBXBuildFile; fileRef = AA74138E1CE78B2500F810C3 /* ReviewCellViewModelFactory.swift */; };
		AA7413911CE78D4800F810C3 /* MessageCellViewModelFactory.swift in Sources */ = {isa = PBXBuildFile; fileRef = AA7413901CE78D4800F810C3 /* MessageCellViewModelFactory.swift */; };
		AA7413931CE8980000F810C3 /* RealmManager.swift in Sources */ = {isa = PBXBuildFile; fileRef = AA7413921CE8980000F810C3 /* RealmManager.swift */; };
		AA7413951CE8A9EC00F810C3 /* FilterSwitchView.swift in Sources */ = {isa = PBXBuildFile; fileRef = AA7413941CE8A9EC00F810C3 /* FilterSwitchView.swift */; };
		AA7413981CE8D0C200F810C3 /* Locale.swift in Sources */ = {isa = PBXBuildFile; fileRef = AA7413971CE8D0C200F810C3 /* Locale.swift */; };
		AA74139B1CE8D59000F810C3 /* MessageCellStateTests.swift in Sources */ = {isa = PBXBuildFile; fileRef = AA74139A1CE8D59000F810C3 /* MessageCellStateTests.swift */; };
		AA74139D1CE8D6DE00F810C3 /* ReviewsViewModelTests.swift in Sources */ = {isa = PBXBuildFile; fileRef = AA74139C1CE8D6DE00F810C3 /* ReviewsViewModelTests.swift */; };
		AA7413A01CE8D9E100F810C3 /* ReviewAPIMock.swift in Sources */ = {isa = PBXBuildFile; fileRef = AA74139F1CE8D9E100F810C3 /* ReviewAPIMock.swift */; };
		AA7413A21CE8F2E900F810C3 /* AddReviewViewController.swift in Sources */ = {isa = PBXBuildFile; fileRef = AA7413A11CE8F2E900F810C3 /* AddReviewViewController.swift */; };
		AA7413A41CE8FBDA00F810C3 /* AddReviewViewModel.swift in Sources */ = {isa = PBXBuildFile; fileRef = AA7413A31CE8FBDA00F810C3 /* AddReviewViewModel.swift */; };
		AA7413A61CE8FCFA00F810C3 /* UITextField+RAC.swift in Sources */ = {isa = PBXBuildFile; fileRef = AA7413A51CE8FCFA00F810C3 /* UITextField+RAC.swift */; };
		AA7413A81CE90ED200F810C3 /* NSDate+GYG.swift in Sources */ = {isa = PBXBuildFile; fileRef = AA7413A71CE90ED200F810C3 /* NSDate+GYG.swift */; };
		AA7413AA1CE9270300F810C3 /* AddReviewViewModelFactory.swift in Sources */ = {isa = PBXBuildFile; fileRef = AA7413A91CE9270300F810C3 /* AddReviewViewModelFactory.swift */; };
		AA7413AC1CE92E3A00F810C3 /* AddReviewViewModelTests.swift in Sources */ = {isa = PBXBuildFile; fileRef = AA7413AB1CE92E3A00F810C3 /* AddReviewViewModelTests.swift */; };
		D5A9FA3949490248DA18BC99 /* Pods_reviewsTests.framework in Frameworks */ = {isa = PBXBuildFile; fileRef = 97AF315E7D4592FA74B212ED /* Pods_reviewsTests.framework */; };
		FF4D0BDC983B6E453BC99CAE /* Pods_reviews.framework in Frameworks */ = {isa = PBXBuildFile; fileRef = EA1EE95EB792973812202CF3 /* Pods_reviews.framework */; };
/* End PBXBuildFile section */

/* Begin PBXContainerItemProxy section */
		AA3FA5541CE63FCF004165B5 /* PBXContainerItemProxy */ = {
			isa = PBXContainerItemProxy;
			containerPortal = AA3FA5341CE63FCE004165B5 /* Project object */;
			proxyType = 1;
			remoteGlobalIDString = AA3FA53B1CE63FCE004165B5;
			remoteInfo = reviews;
		};
/* End PBXContainerItemProxy section */

/* Begin PBXFileReference section */
		101966482226D8A9D1F39BEC /* Pods-reviews.release.xcconfig */ = {isa = PBXFileReference; includeInIndex = 1; lastKnownFileType = text.xcconfig; name = "Pods-reviews.release.xcconfig"; path = "Pods/Target Support Files/Pods-reviews/Pods-reviews.release.xcconfig"; sourceTree = "<group>"; };
		71FF12D6CEBABCDA53C11389 /* Pods-reviewsTests.debug.xcconfig */ = {isa = PBXFileReference; includeInIndex = 1; lastKnownFileType = text.xcconfig; name = "Pods-reviewsTests.debug.xcconfig"; path = "Pods/Target Support Files/Pods-reviewsTests/Pods-reviewsTests.debug.xcconfig"; sourceTree = "<group>"; };
		97AF315E7D4592FA74B212ED /* Pods_reviewsTests.framework */ = {isa = PBXFileReference; explicitFileType = wrapper.framework; includeInIndex = 0; path = Pods_reviewsTests.framework; sourceTree = BUILT_PRODUCTS_DIR; };
		99C3CE84D25F0143D1B8F85D /* Pods-reviewsTests.release.xcconfig */ = {isa = PBXFileReference; includeInIndex = 1; lastKnownFileType = text.xcconfig; name = "Pods-reviewsTests.release.xcconfig"; path = "Pods/Target Support Files/Pods-reviewsTests/Pods-reviewsTests.release.xcconfig"; sourceTree = "<group>"; };
		AA3FA53C1CE63FCE004165B5 /* reviews.app */ = {isa = PBXFileReference; explicitFileType = wrapper.application; includeInIndex = 0; path = reviews.app; sourceTree = BUILT_PRODUCTS_DIR; };
		AA3FA53F1CE63FCF004165B5 /* AppDelegate.swift */ = {isa = PBXFileReference; lastKnownFileType = sourcecode.swift; path = AppDelegate.swift; sourceTree = "<group>"; };
		AA3FA5411CE63FCF004165B5 /* ReviewsViewController.swift */ = {isa = PBXFileReference; lastKnownFileType = sourcecode.swift; path = ReviewsViewController.swift; sourceTree = "<group>"; };
		AA3FA5491CE63FCF004165B5 /* Assets.xcassets */ = {isa = PBXFileReference; lastKnownFileType = folder.assetcatalog; path = Assets.xcassets; sourceTree = "<group>"; };
		AA3FA54C1CE63FCF004165B5 /* Base */ = {isa = PBXFileReference; lastKnownFileType = file.storyboard; name = Base; path = Base.lproj/LaunchScreen.storyboard; sourceTree = "<group>"; };
		AA3FA54E1CE63FCF004165B5 /* Info.plist */ = {isa = PBXFileReference; lastKnownFileType = text.plist.xml; path = Info.plist; sourceTree = "<group>"; };
		AA3FA5531CE63FCF004165B5 /* reviewsTests.xctest */ = {isa = PBXFileReference; explicitFileType = wrapper.cfbundle; includeInIndex = 0; path = reviewsTests.xctest; sourceTree = BUILT_PRODUCTS_DIR; };
		AA3FA5571CE63FCF004165B5 /* ReviewEntityManagerTests.swift */ = {isa = PBXFileReference; lastKnownFileType = sourcecode.swift; path = ReviewEntityManagerTests.swift; sourceTree = "<group>"; };
		AA3FA5591CE63FCF004165B5 /* Info.plist */ = {isa = PBXFileReference; lastKnownFileType = text.plist.xml; path = Info.plist; sourceTree = "<group>"; };
		AA7413561CE646D600F810C3 /* Review.swift */ = {isa = PBXFileReference; fileEncoding = 4; lastKnownFileType = sourcecode.swift; name = Review.swift; path = Sources/Model/Review.swift; sourceTree = "<group>"; };
		AA74135F1CE6565C00F810C3 /* ReviewCell.swift */ = {isa = PBXFileReference; fileEncoding = 4; lastKnownFileType = sourcecode.swift; name = ReviewCell.swift; path = Sources/View/ReviewCell.swift; sourceTree = "<group>"; };
		AA7413621CE657F600F810C3 /* ReusableType.swift */ = {isa = PBXFileReference; fileEncoding = 4; lastKnownFileType = sourcecode.swift; name = ReusableType.swift; path = Sources/ViewModel/ReusableType.swift; sourceTree = "<group>"; };
		AA7413641CE65A2400F810C3 /* UITableView+ReusableType.swift */ = {isa = PBXFileReference; fileEncoding = 4; lastKnownFileType = sourcecode.swift; name = "UITableView+ReusableType.swift"; path = "Sources/View/UITableView+ReusableType.swift"; sourceTree = "<group>"; };
		AA7413661CE65BF100F810C3 /* ReviewsViewModel.swift */ = {isa = PBXFileReference; fileEncoding = 4; lastKnownFileType = sourcecode.swift; name = ReviewsViewModel.swift; path = Sources/ViewModel/ReviewsViewModel.swift; sourceTree = "<group>"; };
		AA7413681CE65D3300F810C3 /* ReviewCellViewModel.swift */ = {isa = PBXFileReference; fileEncoding = 4; lastKnownFileType = sourcecode.swift; name = ReviewCellViewModel.swift; path = Sources/ViewModel/ReviewCellViewModel.swift; sourceTree = "<group>"; };
		AA74136B1CE6681B00F810C3 /* EntityManagerType.swift */ = {isa = PBXFileReference; fileEncoding = 4; lastKnownFileType = sourcecode.swift; name = EntityManagerType.swift; path = Sources/Model/EntityManagerType.swift; sourceTree = "<group>"; };
		AA74136D1CE6695700F810C3 /* ReviewEntityManager.swift */ = {isa = PBXFileReference; fileEncoding = 4; lastKnownFileType = sourcecode.swift; name = ReviewEntityManager.swift; path = Sources/Model/ReviewEntityManager.swift; sourceTree = "<group>"; };
		AA7413701CE6753E00F810C3 /* MessageCell.swift */ = {isa = PBXFileReference; fileEncoding = 4; lastKnownFileType = sourcecode.swift; name = MessageCell.swift; path = Sources/View/MessageCell.swift; sourceTree = "<group>"; };
		AA7413721CE67C9F00F810C3 /* MessageCellViewModel.swift */ = {isa = PBXFileReference; fileEncoding = 4; lastKnownFileType = sourcecode.swift; name = MessageCellViewModel.swift; path = Sources/ViewModel/MessageCellViewModel.swift; sourceTree = "<group>"; };
		AA7413741CE68A2100F810C3 /* ReviewAPI.swift */ = {isa = PBXFileReference; fileEncoding = 4; lastKnownFileType = sourcecode.swift; name = ReviewAPI.swift; path = Sources/Networking/ReviewAPI.swift; sourceTree = "<group>"; };
		AA7413771CE68CE100F810C3 /* ReviewAPIRequestBuilder.swift */ = {isa = PBXFileReference; fileEncoding = 4; lastKnownFileType = sourcecode.swift; name = ReviewAPIRequestBuilder.swift; path = Sources/Networking/ReviewAPIRequestBuilder.swift; sourceTree = "<group>"; };
		AA74137C1CE71FF900F810C3 /* Colors.swift */ = {isa = PBXFileReference; fileEncoding = 4; lastKnownFileType = sourcecode.swift; path = Colors.swift; sourceTree = "<group>"; };
		AA74137E1CE724E700F810C3 /* Fonts.swift */ = {isa = PBXFileReference; fileEncoding = 4; lastKnownFileType = sourcecode.swift; name = Fonts.swift; path = Sources/Fonts.swift; sourceTree = "<group>"; };
		AA7413801CE728B000F810C3 /* RatingView.swift */ = {isa = PBXFileReference; fileEncoding = 4; lastKnownFileType = sourcecode.swift; name = RatingView.swift; path = Sources/View/RatingView.swift; sourceTree = "<group>"; };
		AA7413821CE7476900F810C3 /* ReviewErrorResponse.swift */ = {isa = PBXFileReference; fileEncoding = 4; lastKnownFileType = sourcecode.swift; name = ReviewErrorResponse.swift; path = Sources/Networking/ReviewErrorResponse.swift; sourceTree = "<group>"; };
		AA7413841CE74CE900F810C3 /* ReviewsSuccessResponse.swift */ = {isa = PBXFileReference; fileEncoding = 4; lastKnownFileType = sourcecode.swift; name = ReviewsSuccessResponse.swift; path = Sources/Model/ReviewsSuccessResponse.swift; sourceTree = "<group>"; };
		AA7413881CE7771700F810C3 /* RealmTestCase.swift */ = {isa = PBXFileReference; fileEncoding = 4; lastKnownFileType = sourcecode.swift; path = RealmTestCase.swift; sourceTree = "<group>"; };
		AA74138E1CE78B2500F810C3 /* ReviewCellViewModelFactory.swift */ = {isa = PBXFileReference; fileEncoding = 4; lastKnownFileType = sourcecode.swift; name = ReviewCellViewModelFactory.swift; path = Sources/ViewModel/ReviewCellViewModelFactory.swift; sourceTree = "<group>"; };
		AA7413901CE78D4800F810C3 /* MessageCellViewModelFactory.swift */ = {isa = PBXFileReference; fileEncoding = 4; lastKnownFileType = sourcecode.swift; name = MessageCellViewModelFactory.swift; path = Sources/ViewModel/MessageCellViewModelFactory.swift; sourceTree = "<group>"; };
		AA7413921CE8980000F810C3 /* RealmManager.swift */ = {isa = PBXFileReference; fileEncoding = 4; lastKnownFileType = sourcecode.swift; name = RealmManager.swift; path = Sources/Model/RealmManager.swift; sourceTree = "<group>"; };
		AA7413941CE8A9EC00F810C3 /* FilterSwitchView.swift */ = {isa = PBXFileReference; fileEncoding = 4; lastKnownFileType = sourcecode.swift; name = FilterSwitchView.swift; path = Sources/View/FilterSwitchView.swift; sourceTree = "<group>"; };
		AA7413971CE8D0C200F810C3 /* Locale.swift */ = {isa = PBXFileReference; fileEncoding = 4; lastKnownFileType = sourcecode.swift; path = Locale.swift; sourceTree = "<group>"; };
		AA74139A1CE8D59000F810C3 /* MessageCellStateTests.swift */ = {isa = PBXFileReference; fileEncoding = 4; lastKnownFileType = sourcecode.swift; path = MessageCellStateTests.swift; sourceTree = "<group>"; };
		AA74139C1CE8D6DE00F810C3 /* ReviewsViewModelTests.swift */ = {isa = PBXFileReference; fileEncoding = 4; lastKnownFileType = sourcecode.swift; path = ReviewsViewModelTests.swift; sourceTree = "<group>"; };
		AA74139F1CE8D9E100F810C3 /* ReviewAPIMock.swift */ = {isa = PBXFileReference; fileEncoding = 4; lastKnownFileType = sourcecode.swift; path = ReviewAPIMock.swift; sourceTree = "<group>"; };
		AA7413A11CE8F2E900F810C3 /* AddReviewViewController.swift */ = {isa = PBXFileReference; fileEncoding = 4; lastKnownFileType = sourcecode.swift; name = AddReviewViewController.swift; path = Sources/View/AddReviewViewController.swift; sourceTree = "<group>"; };
		AA7413A31CE8FBDA00F810C3 /* AddReviewViewModel.swift */ = {isa = PBXFileReference; fileEncoding = 4; lastKnownFileType = sourcecode.swift; name = AddReviewViewModel.swift; path = Sources/ViewModel/AddReviewViewModel.swift; sourceTree = "<group>"; };
		AA7413A51CE8FCFA00F810C3 /* UITextField+RAC.swift */ = {isa = PBXFileReference; fileEncoding = 4; lastKnownFileType = sourcecode.swift; name = "UITextField+RAC.swift"; path = "Sources/UITextField+RAC.swift"; sourceTree = "<group>"; };
		AA7413A71CE90ED200F810C3 /* NSDate+GYG.swift */ = {isa = PBXFileReference; fileEncoding = 4; lastKnownFileType = sourcecode.swift; name = "NSDate+GYG.swift"; path = "Sources/NSDate+GYG.swift"; sourceTree = "<group>"; };
		AA7413A91CE9270300F810C3 /* AddReviewViewModelFactory.swift */ = {isa = PBXFileReference; fileEncoding = 4; lastKnownFileType = sourcecode.swift; name = AddReviewViewModelFactory.swift; path = Sources/ViewModel/AddReviewViewModelFactory.swift; sourceTree = "<group>"; };
		AA7413AB1CE92E3A00F810C3 /* AddReviewViewModelTests.swift */ = {isa = PBXFileReference; fileEncoding = 4; lastKnownFileType = sourcecode.swift; path = AddReviewViewModelTests.swift; sourceTree = "<group>"; };
		EA1EE95EB792973812202CF3 /* Pods_reviews.framework */ = {isa = PBXFileReference; explicitFileType = wrapper.framework; includeInIndex = 0; path = Pods_reviews.framework; sourceTree = BUILT_PRODUCTS_DIR; };
		FC198DD19AE6587233A2C431 /* Pods-reviews.debug.xcconfig */ = {isa = PBXFileReference; includeInIndex = 1; lastKnownFileType = text.xcconfig; name = "Pods-reviews.debug.xcconfig"; path = "Pods/Target Support Files/Pods-reviews/Pods-reviews.debug.xcconfig"; sourceTree = "<group>"; };
/* End PBXFileReference section */

/* Begin PBXFrameworksBuildPhase section */
		AA3FA5391CE63FCE004165B5 /* Frameworks */ = {
			isa = PBXFrameworksBuildPhase;
			buildActionMask = 2147483647;
			files = (
				FF4D0BDC983B6E453BC99CAE /* Pods_reviews.framework in Frameworks */,
			);
			runOnlyForDeploymentPostprocessing = 0;
		};
		AA3FA5501CE63FCF004165B5 /* Frameworks */ = {
			isa = PBXFrameworksBuildPhase;
			buildActionMask = 2147483647;
			files = (
				D5A9FA3949490248DA18BC99 /* Pods_reviewsTests.framework in Frameworks */,
			);
			runOnlyForDeploymentPostprocessing = 0;
		};
/* End PBXFrameworksBuildPhase section */

/* Begin PBXGroup section */
		1052083F01C1733B27EFD8D3 /* Frameworks */ = {
			isa = PBXGroup;
			children = (
				EA1EE95EB792973812202CF3 /* Pods_reviews.framework */,
				97AF315E7D4592FA74B212ED /* Pods_reviewsTests.framework */,
			);
			name = Frameworks;
			sourceTree = "<group>";
		};
		AA3FA5331CE63FCE004165B5 = {
			isa = PBXGroup;
			children = (
				AA3FA53E1CE63FCF004165B5 /* reviews */,
				AA3FA5561CE63FCF004165B5 /* reviewsTests */,
				AA3FA53D1CE63FCE004165B5 /* Products */,
				C666D6E0C05BFD399F644892 /* Pods */,
				1052083F01C1733B27EFD8D3 /* Frameworks */,
			);
			sourceTree = "<group>";
		};
		AA3FA53D1CE63FCE004165B5 /* Products */ = {
			isa = PBXGroup;
			children = (
				AA3FA53C1CE63FCE004165B5 /* reviews.app */,
				AA3FA5531CE63FCF004165B5 /* reviewsTests.xctest */,
			);
			name = Products;
			sourceTree = "<group>";
		};
		AA3FA53E1CE63FCF004165B5 /* reviews */ = {
			isa = PBXGroup;
			children = (
				AA7413961CE8D09B00F810C3 /* Extensions */,
				AA74135B1CE646FA00F810C3 /* Main */,
				AA74136A1CE65FE600F810C3 /* Networking */,
				AA74135A1CE646EE00F810C3 /* Resources */,
				AA7413591CE646E700F810C3 /* View */,
				AA7413581CE646E000F810C3 /* ViewModel */,
				AA7413551CE646B500F810C3 /* Model */,
			);
			path = reviews;
			sourceTree = "<group>";
		};
		AA3FA5561CE63FCF004165B5 /* reviewsTests */ = {
			isa = PBXGroup;
			children = (
				AA74139E1CE8D9CD00F810C3 /* Mocks */,
				AA7413991CE8D30100F810C3 /* ViewModel */,
				AA74138A1CE77B9B00F810C3 /* Model */,
				AA7413881CE7771700F810C3 /* RealmTestCase.swift */,
				AA3FA5591CE63FCF004165B5 /* Info.plist */,
			);
			path = reviewsTests;
			sourceTree = "<group>";
		};
		AA7413551CE646B500F810C3 /* Model */ = {
			isa = PBXGroup;
			children = (
				AA74136F1CE66A2A00F810C3 /* EntityManagers */,
				AA7413871CE7547800F810C3 /* Entities */,
				AA7413861CE7534000F810C3 /* ResponseModels */,
			);
			name = Model;
			sourceTree = "<group>";
		};
		AA7413581CE646E000F810C3 /* ViewModel */ = {
			isa = PBXGroup;
			children = (
				AA74138D1CE78B0D00F810C3 /* Factories */,
				AA7413661CE65BF100F810C3 /* ReviewsViewModel.swift */,
				AA7413681CE65D3300F810C3 /* ReviewCellViewModel.swift */,
				AA7413721CE67C9F00F810C3 /* MessageCellViewModel.swift */,
				AA7413A31CE8FBDA00F810C3 /* AddReviewViewModel.swift */,
			);
			name = ViewModel;
			sourceTree = "<group>";
		};
		AA7413591CE646E700F810C3 /* View */ = {
			isa = PBXGroup;
			children = (
				AA74137A1CE6951600F810C3 /* Reviews */,
				AA7413611CE657D600F810C3 /* Protocols */,
			);
			name = View;
			sourceTree = "<group>";
		};
		AA74135A1CE646EE00F810C3 /* Resources */ = {
			isa = PBXGroup;
			children = (
				AA3FA5491CE63FCF004165B5 /* Assets.xcassets */,
				AA3FA54B1CE63FCF004165B5 /* LaunchScreen.storyboard */,
			);
			name = Resources;
			sourceTree = "<group>";
		};
		AA74135B1CE646FA00F810C3 /* Main */ = {
			isa = PBXGroup;
			children = (
				AA3FA53F1CE63FCF004165B5 /* AppDelegate.swift */,
				AA3FA54E1CE63FCF004165B5 /* Info.plist */,
			);
			name = Main;
			sourceTree = "<group>";
		};
		AA7413611CE657D600F810C3 /* Protocols */ = {
			isa = PBXGroup;
			children = (
				AA7413621CE657F600F810C3 /* ReusableType.swift */,
			);
			name = Protocols;
			sourceTree = "<group>";
		};
		AA74136A1CE65FE600F810C3 /* Networking */ = {
			isa = PBXGroup;
			children = (
				AA7413761CE68CCC00F810C3 /* RequestBuilders */,
				AA7413741CE68A2100F810C3 /* ReviewAPI.swift */,
			);
			name = Networking;
			sourceTree = "<group>";
		};
		AA74136F1CE66A2A00F810C3 /* EntityManagers */ = {
			isa = PBXGroup;
			children = (
				AA74136B1CE6681B00F810C3 /* EntityManagerType.swift */,
				AA74136D1CE6695700F810C3 /* ReviewEntityManager.swift */,
				AA7413921CE8980000F810C3 /* RealmManager.swift */,
			);
			name = EntityManagers;
			sourceTree = "<group>";
		};
		AA7413761CE68CCC00F810C3 /* RequestBuilders */ = {
			isa = PBXGroup;
			children = (
				AA7413771CE68CE100F810C3 /* ReviewAPIRequestBuilder.swift */,
			);
			name = RequestBuilders;
			sourceTree = "<group>";
		};
		AA74137A1CE6951600F810C3 /* Reviews */ = {
			isa = PBXGroup;
			children = (
				AA74137B1CE6951F00F810C3 /* Subviews */,
				AA3FA5411CE63FCF004165B5 /* ReviewsViewController.swift */,
				AA7413A11CE8F2E900F810C3 /* AddReviewViewController.swift */,
			);
			name = Reviews;
			sourceTree = "<group>";
		};
		AA74137B1CE6951F00F810C3 /* Subviews */ = {
			isa = PBXGroup;
			children = (
				AA74135F1CE6565C00F810C3 /* ReviewCell.swift */,
				AA7413701CE6753E00F810C3 /* MessageCell.swift */,
				AA7413801CE728B000F810C3 /* RatingView.swift */,
				AA7413941CE8A9EC00F810C3 /* FilterSwitchView.swift */,
			);
			name = Subviews;
			sourceTree = "<group>";
		};
		AA7413861CE7534000F810C3 /* ResponseModels */ = {
			isa = PBXGroup;
			children = (
				AA7413821CE7476900F810C3 /* ReviewErrorResponse.swift */,
				AA7413841CE74CE900F810C3 /* ReviewsSuccessResponse.swift */,
			);
			name = ResponseModels;
			sourceTree = "<group>";
		};
		AA7413871CE7547800F810C3 /* Entities */ = {
			isa = PBXGroup;
			children = (
				AA7413561CE646D600F810C3 /* Review.swift */,
			);
			name = Entities;
			sourceTree = "<group>";
		};
		AA74138A1CE77B9B00F810C3 /* Model */ = {
			isa = PBXGroup;
			children = (
				AA3FA5571CE63FCF004165B5 /* ReviewEntityManagerTests.swift */,
			);
			name = Model;
			sourceTree = "<group>";
		};
		AA74138D1CE78B0D00F810C3 /* Factories */ = {
			isa = PBXGroup;
			children = (
				AA74138E1CE78B2500F810C3 /* ReviewCellViewModelFactory.swift */,
				AA7413901CE78D4800F810C3 /* MessageCellViewModelFactory.swift */,
				AA7413A91CE9270300F810C3 /* AddReviewViewModelFactory.swift */,
			);
			name = Factories;
			sourceTree = "<group>";
		};
		AA7413961CE8D09B00F810C3 /* Extensions */ = {
			isa = PBXGroup;
			children = (
				AA7413641CE65A2400F810C3 /* UITableView+ReusableType.swift */,
				AA7413A51CE8FCFA00F810C3 /* UITextField+RAC.swift */,
				AA7413A71CE90ED200F810C3 /* NSDate+GYG.swift */,
				AA74137C1CE71FF900F810C3 /* Colors.swift */,
				AA74137E1CE724E700F810C3 /* Fonts.swift */,
				AA7413971CE8D0C200F810C3 /* Locale.swift */,
			);
			name = Extensions;
			sourceTree = "<group>";
		};
		AA7413991CE8D30100F810C3 /* ViewModel */ = {
			isa = PBXGroup;
			children = (
				AA74139A1CE8D59000F810C3 /* MessageCellStateTests.swift */,
				AA74139C1CE8D6DE00F810C3 /* ReviewsViewModelTests.swift */,
				AA7413AB1CE92E3A00F810C3 /* AddReviewViewModelTests.swift */,
			);
			name = ViewModel;
			sourceTree = "<group>";
		};
		AA74139E1CE8D9CD00F810C3 /* Mocks */ = {
			isa = PBXGroup;
			children = (
				AA74139F1CE8D9E100F810C3 /* ReviewAPIMock.swift */,
			);
			name = Mocks;
			sourceTree = "<group>";
		};
		C666D6E0C05BFD399F644892 /* Pods */ = {
			isa = PBXGroup;
			children = (
				FC198DD19AE6587233A2C431 /* Pods-reviews.debug.xcconfig */,
				101966482226D8A9D1F39BEC /* Pods-reviews.release.xcconfig */,
				71FF12D6CEBABCDA53C11389 /* Pods-reviewsTests.debug.xcconfig */,
				99C3CE84D25F0143D1B8F85D /* Pods-reviewsTests.release.xcconfig */,
			);
			name = Pods;
			sourceTree = "<group>";
		};
/* End PBXGroup section */

/* Begin PBXNativeTarget section */
		AA3FA53B1CE63FCE004165B5 /* reviews */ = {
			isa = PBXNativeTarget;
			buildConfigurationList = AA3FA55C1CE63FCF004165B5 /* Build configuration list for PBXNativeTarget "reviews" */;
			buildPhases = (
				0D9E418E4BFFF8A71CD40B28 /* 📦 Check Pods Manifest.lock */,
				AA3FA5381CE63FCE004165B5 /* Sources */,
				AA3FA5391CE63FCE004165B5 /* Frameworks */,
				AA3FA53A1CE63FCE004165B5 /* Resources */,
				0DF804C40D53A00ED58DAFA6 /* 📦 Embed Pods Frameworks */,
				3EAE3E997AA542DA78A86749 /* 📦 Copy Pods Resources */,
			);
			buildRules = (
			);
			dependencies = (
			);
			name = reviews;
			productName = reviews;
			productReference = AA3FA53C1CE63FCE004165B5 /* reviews.app */;
			productType = "com.apple.product-type.application";
		};
		AA3FA5521CE63FCF004165B5 /* reviewsTests */ = {
			isa = PBXNativeTarget;
			buildConfigurationList = AA3FA55F1CE63FCF004165B5 /* Build configuration list for PBXNativeTarget "reviewsTests" */;
			buildPhases = (
				52423D813FF2E57AE7B808C4 /* 📦 Check Pods Manifest.lock */,
				AA3FA54F1CE63FCF004165B5 /* Sources */,
				AA3FA5501CE63FCF004165B5 /* Frameworks */,
				AA3FA5511CE63FCF004165B5 /* Resources */,
				210F44E2D15E4B741FC3B341 /* 📦 Embed Pods Frameworks */,
				256FDCFB637A7F8E8EACB734 /* 📦 Copy Pods Resources */,
			);
			buildRules = (
			);
			dependencies = (
				AA3FA5551CE63FCF004165B5 /* PBXTargetDependency */,
			);
			name = reviewsTests;
			productName = reviewsTests;
			productReference = AA3FA5531CE63FCF004165B5 /* reviewsTests.xctest */;
			productType = "com.apple.product-type.bundle.unit-test";
		};
/* End PBXNativeTarget section */

/* Begin PBXProject section */
		AA3FA5341CE63FCE004165B5 /* Project object */ = {
			isa = PBXProject;
			attributes = {
				LastSwiftUpdateCheck = 0730;
				LastUpgradeCheck = 0730;
				ORGANIZATIONNAME = "Alessio Borraccino";
				TargetAttributes = {
					AA3FA53B1CE63FCE004165B5 = {
						CreatedOnToolsVersion = 7.3.1;
					};
					AA3FA5521CE63FCF004165B5 = {
						CreatedOnToolsVersion = 7.3.1;
						TestTargetID = AA3FA53B1CE63FCE004165B5;
					};
				};
			};
			buildConfigurationList = AA3FA5371CE63FCE004165B5 /* Build configuration list for PBXProject "reviews" */;
			compatibilityVersion = "Xcode 3.2";
			developmentRegion = English;
			hasScannedForEncodings = 0;
			knownRegions = (
				en,
				Base,
			);
			mainGroup = AA3FA5331CE63FCE004165B5;
			productRefGroup = AA3FA53D1CE63FCE004165B5 /* Products */;
			projectDirPath = "";
			projectRoot = "";
			targets = (
				AA3FA53B1CE63FCE004165B5 /* reviews */,
				AA3FA5521CE63FCF004165B5 /* reviewsTests */,
			);
		};
/* End PBXProject section */

/* Begin PBXResourcesBuildPhase section */
		AA3FA53A1CE63FCE004165B5 /* Resources */ = {
			isa = PBXResourcesBuildPhase;
			buildActionMask = 2147483647;
			files = (
				AA3FA54D1CE63FCF004165B5 /* LaunchScreen.storyboard in Resources */,
				AA3FA54A1CE63FCF004165B5 /* Assets.xcassets in Resources */,
			);
			runOnlyForDeploymentPostprocessing = 0;
		};
		AA3FA5511CE63FCF004165B5 /* Resources */ = {
			isa = PBXResourcesBuildPhase;
			buildActionMask = 2147483647;
			files = (
			);
			runOnlyForDeploymentPostprocessing = 0;
		};
/* End PBXResourcesBuildPhase section */

/* Begin PBXShellScriptBuildPhase section */
		0D9E418E4BFFF8A71CD40B28 /* 📦 Check Pods Manifest.lock */ = {
			isa = PBXShellScriptBuildPhase;
			buildActionMask = 2147483647;
			files = (
			);
			inputPaths = (
			);
			name = "📦 Check Pods Manifest.lock";
			outputPaths = (
			);
			runOnlyForDeploymentPostprocessing = 0;
			shellPath = /bin/sh;
			shellScript = "diff \"${PODS_ROOT}/../Podfile.lock\" \"${PODS_ROOT}/Manifest.lock\" > /dev/null\nif [[ $? != 0 ]] ; then\n    cat << EOM\nerror: The sandbox is not in sync with the Podfile.lock. Run 'pod install' or update your CocoaPods installation.\nEOM\n    exit 1\nfi\n";
			showEnvVarsInLog = 0;
		};
		0DF804C40D53A00ED58DAFA6 /* 📦 Embed Pods Frameworks */ = {
			isa = PBXShellScriptBuildPhase;
			buildActionMask = 2147483647;
			files = (
			);
			inputPaths = (
			);
			name = "📦 Embed Pods Frameworks";
			outputPaths = (
			);
			runOnlyForDeploymentPostprocessing = 0;
			shellPath = /bin/sh;
			shellScript = "\"${SRCROOT}/Pods/Target Support Files/Pods-reviews/Pods-reviews-frameworks.sh\"\n";
			showEnvVarsInLog = 0;
		};
		210F44E2D15E4B741FC3B341 /* 📦 Embed Pods Frameworks */ = {
			isa = PBXShellScriptBuildPhase;
			buildActionMask = 2147483647;
			files = (
			);
			inputPaths = (
			);
			name = "📦 Embed Pods Frameworks";
			outputPaths = (
			);
			runOnlyForDeploymentPostprocessing = 0;
			shellPath = /bin/sh;
			shellScript = "\"${SRCROOT}/Pods/Target Support Files/Pods-reviewsTests/Pods-reviewsTests-frameworks.sh\"\n";
			showEnvVarsInLog = 0;
		};
		256FDCFB637A7F8E8EACB734 /* 📦 Copy Pods Resources */ = {
			isa = PBXShellScriptBuildPhase;
			buildActionMask = 2147483647;
			files = (
			);
			inputPaths = (
			);
			name = "📦 Copy Pods Resources";
			outputPaths = (
			);
			runOnlyForDeploymentPostprocessing = 0;
			shellPath = /bin/sh;
			shellScript = "\"${SRCROOT}/Pods/Target Support Files/Pods-reviewsTests/Pods-reviewsTests-resources.sh\"\n";
			showEnvVarsInLog = 0;
		};
		3EAE3E997AA542DA78A86749 /* 📦 Copy Pods Resources */ = {
			isa = PBXShellScriptBuildPhase;
			buildActionMask = 2147483647;
			files = (
			);
			inputPaths = (
			);
			name = "📦 Copy Pods Resources";
			outputPaths = (
			);
			runOnlyForDeploymentPostprocessing = 0;
			shellPath = /bin/sh;
			shellScript = "\"${SRCROOT}/Pods/Target Support Files/Pods-reviews/Pods-reviews-resources.sh\"\n";
			showEnvVarsInLog = 0;
		};
		52423D813FF2E57AE7B808C4 /* 📦 Check Pods Manifest.lock */ = {
			isa = PBXShellScriptBuildPhase;
			buildActionMask = 2147483647;
			files = (
			);
			inputPaths = (
			);
			name = "📦 Check Pods Manifest.lock";
			outputPaths = (
			);
			runOnlyForDeploymentPostprocessing = 0;
			shellPath = /bin/sh;
			shellScript = "diff \"${PODS_ROOT}/../Podfile.lock\" \"${PODS_ROOT}/Manifest.lock\" > /dev/null\nif [[ $? != 0 ]] ; then\n    cat << EOM\nerror: The sandbox is not in sync with the Podfile.lock. Run 'pod install' or update your CocoaPods installation.\nEOM\n    exit 1\nfi\n";
			showEnvVarsInLog = 0;
		};
/* End PBXShellScriptBuildPhase section */

/* Begin PBXSourcesBuildPhase section */
		AA3FA5381CE63FCE004165B5 /* Sources */ = {
			isa = PBXSourcesBuildPhase;
			buildActionMask = 2147483647;
			files = (
				AA74136C1CE6681B00F810C3 /* EntityManagerType.swift in Sources */,
				AA7413751CE68A2100F810C3 /* ReviewAPI.swift in Sources */,
				AA7413631CE657F600F810C3 /* ReusableType.swift in Sources */,
				AA7413831CE7476900F810C3 /* ReviewErrorResponse.swift in Sources */,
				AA7413811CE728B000F810C3 /* RatingView.swift in Sources */,
				AA7413731CE67C9F00F810C3 /* MessageCellViewModel.swift in Sources */,
				AA3FA5421CE63FCF004165B5 /* ReviewsViewController.swift in Sources */,
				AA7413911CE78D4800F810C3 /* MessageCellViewModelFactory.swift in Sources */,
				AA7413671CE65BF100F810C3 /* ReviewsViewModel.swift in Sources */,
				AA7413851CE74CE900F810C3 /* ReviewsSuccessResponse.swift in Sources */,
				AA7413601CE6565C00F810C3 /* ReviewCell.swift in Sources */,
				AA74137F1CE724E700F810C3 /* Fonts.swift in Sources */,
				AA7413931CE8980000F810C3 /* RealmManager.swift in Sources */,
				AA7413981CE8D0C200F810C3 /* Locale.swift in Sources */,
				AA7413711CE6753E00F810C3 /* MessageCell.swift in Sources */,
				AA74138F1CE78B2500F810C3 /* ReviewCellViewModelFactory.swift in Sources */,
				AA3FA5401CE63FCF004165B5 /* AppDelegate.swift in Sources */,
				AA74137D1CE71FF900F810C3 /* Colors.swift in Sources */,
				AA7413A21CE8F2E900F810C3 /* AddReviewViewController.swift in Sources */,
				AA7413691CE65D3300F810C3 /* ReviewCellViewModel.swift in Sources */,
				AA7413AA1CE9270300F810C3 /* AddReviewViewModelFactory.swift in Sources */,
				AA7413A81CE90ED200F810C3 /* NSDate+GYG.swift in Sources */,
				AA74136E1CE6695700F810C3 /* ReviewEntityManager.swift in Sources */,
				AA7413A61CE8FCFA00F810C3 /* UITextField+RAC.swift in Sources */,
				AA7413651CE65A2400F810C3 /* UITableView+ReusableType.swift in Sources */,
				AA7413571CE646D600F810C3 /* Review.swift in Sources */,
				AA7413951CE8A9EC00F810C3 /* FilterSwitchView.swift in Sources */,
				AA7413A41CE8FBDA00F810C3 /* AddReviewViewModel.swift in Sources */,
				AA7413781CE68CE100F810C3 /* ReviewAPIRequestBuilder.swift in Sources */,
			);
			runOnlyForDeploymentPostprocessing = 0;
		};
		AA3FA54F1CE63FCF004165B5 /* Sources */ = {
			isa = PBXSourcesBuildPhase;
			buildActionMask = 2147483647;
			files = (
				AA7413A01CE8D9E100F810C3 /* ReviewAPIMock.swift in Sources */,
				AA3FA5581CE63FCF004165B5 /* ReviewEntityManagerTests.swift in Sources */,
				AA7413891CE7771700F810C3 /* RealmTestCase.swift in Sources */,
				AA74139D1CE8D6DE00F810C3 /* ReviewsViewModelTests.swift in Sources */,
				AA7413AC1CE92E3A00F810C3 /* AddReviewViewModelTests.swift in Sources */,
				AA74139B1CE8D59000F810C3 /* MessageCellStateTests.swift in Sources */,
			);
			runOnlyForDeploymentPostprocessing = 0;
		};
/* End PBXSourcesBuildPhase section */

/* Begin PBXTargetDependency section */
		AA3FA5551CE63FCF004165B5 /* PBXTargetDependency */ = {
			isa = PBXTargetDependency;
			target = AA3FA53B1CE63FCE004165B5 /* reviews */;
			targetProxy = AA3FA5541CE63FCF004165B5 /* PBXContainerItemProxy */;
		};
/* End PBXTargetDependency section */

/* Begin PBXVariantGroup section */
		AA3FA54B1CE63FCF004165B5 /* LaunchScreen.storyboard */ = {
			isa = PBXVariantGroup;
			children = (
				AA3FA54C1CE63FCF004165B5 /* Base */,
			);
			name = LaunchScreen.storyboard;
			sourceTree = "<group>";
		};
/* End PBXVariantGroup section */

/* Begin XCBuildConfiguration section */
		AA3FA55A1CE63FCF004165B5 /* Debug */ = {
			isa = XCBuildConfiguration;
			buildSettings = {
				ALWAYS_SEARCH_USER_PATHS = NO;
				CLANG_ANALYZER_NONNULL = YES;
				CLANG_CXX_LANGUAGE_STANDARD = "gnu++0x";
				CLANG_CXX_LIBRARY = "libc++";
				CLANG_ENABLE_MODULES = YES;
				CLANG_ENABLE_OBJC_ARC = YES;
				CLANG_WARN_BOOL_CONVERSION = YES;
				CLANG_WARN_CONSTANT_CONVERSION = YES;
				CLANG_WARN_DIRECT_OBJC_ISA_USAGE = YES_ERROR;
				CLANG_WARN_EMPTY_BODY = YES;
				CLANG_WARN_ENUM_CONVERSION = YES;
				CLANG_WARN_INT_CONVERSION = YES;
				CLANG_WARN_OBJC_ROOT_CLASS = YES_ERROR;
				CLANG_WARN_UNREACHABLE_CODE = YES;
				CLANG_WARN__DUPLICATE_METHOD_MATCH = YES;
				"CODE_SIGN_IDENTITY[sdk=iphoneos*]" = "iPhone Developer";
				COPY_PHASE_STRIP = NO;
				DEBUG_INFORMATION_FORMAT = dwarf;
				ENABLE_STRICT_OBJC_MSGSEND = YES;
				ENABLE_TESTABILITY = YES;
				GCC_C_LANGUAGE_STANDARD = gnu99;
				GCC_DYNAMIC_NO_PIC = NO;
				GCC_NO_COMMON_BLOCKS = YES;
				GCC_OPTIMIZATION_LEVEL = 0;
				GCC_PREPROCESSOR_DEFINITIONS = (
					"DEBUG=1",
					"$(inherited)",
				);
				GCC_WARN_64_TO_32_BIT_CONVERSION = YES;
				GCC_WARN_ABOUT_RETURN_TYPE = YES_ERROR;
				GCC_WARN_UNDECLARED_SELECTOR = YES;
				GCC_WARN_UNINITIALIZED_AUTOS = YES_AGGRESSIVE;
				GCC_WARN_UNUSED_FUNCTION = YES;
				GCC_WARN_UNUSED_VARIABLE = YES;
				IPHONEOS_DEPLOYMENT_TARGET = 9.3;
				MTL_ENABLE_DEBUG_INFO = YES;
				ONLY_ACTIVE_ARCH = YES;
				SDKROOT = iphoneos;
				SWIFT_OPTIMIZATION_LEVEL = "-Onone";
			};
			name = Debug;
		};
		AA3FA55B1CE63FCF004165B5 /* Release */ = {
			isa = XCBuildConfiguration;
			buildSettings = {
				ALWAYS_SEARCH_USER_PATHS = NO;
				CLANG_ANALYZER_NONNULL = YES;
				CLANG_CXX_LANGUAGE_STANDARD = "gnu++0x";
				CLANG_CXX_LIBRARY = "libc++";
				CLANG_ENABLE_MODULES = YES;
				CLANG_ENABLE_OBJC_ARC = YES;
				CLANG_WARN_BOOL_CONVERSION = YES;
				CLANG_WARN_CONSTANT_CONVERSION = YES;
				CLANG_WARN_DIRECT_OBJC_ISA_USAGE = YES_ERROR;
				CLANG_WARN_EMPTY_BODY = YES;
				CLANG_WARN_ENUM_CONVERSION = YES;
				CLANG_WARN_INT_CONVERSION = YES;
				CLANG_WARN_OBJC_ROOT_CLASS = YES_ERROR;
				CLANG_WARN_UNREACHABLE_CODE = YES;
				CLANG_WARN__DUPLICATE_METHOD_MATCH = YES;
				"CODE_SIGN_IDENTITY[sdk=iphoneos*]" = "iPhone Developer";
				COPY_PHASE_STRIP = NO;
				DEBUG_INFORMATION_FORMAT = "dwarf-with-dsym";
				ENABLE_NS_ASSERTIONS = NO;
				ENABLE_STRICT_OBJC_MSGSEND = YES;
				GCC_C_LANGUAGE_STANDARD = gnu99;
				GCC_NO_COMMON_BLOCKS = YES;
				GCC_WARN_64_TO_32_BIT_CONVERSION = YES;
				GCC_WARN_ABOUT_RETURN_TYPE = YES_ERROR;
				GCC_WARN_UNDECLARED_SELECTOR = YES;
				GCC_WARN_UNINITIALIZED_AUTOS = YES_AGGRESSIVE;
				GCC_WARN_UNUSED_FUNCTION = YES;
				GCC_WARN_UNUSED_VARIABLE = YES;
				IPHONEOS_DEPLOYMENT_TARGET = 9.3;
				MTL_ENABLE_DEBUG_INFO = NO;
				SDKROOT = iphoneos;
				VALIDATE_PRODUCT = YES;
			};
			name = Release;
		};
		AA3FA55D1CE63FCF004165B5 /* Debug */ = {
			isa = XCBuildConfiguration;
			baseConfigurationReference = FC198DD19AE6587233A2C431 /* Pods-reviews.debug.xcconfig */;
			buildSettings = {
				ASSETCATALOG_COMPILER_APPICON_NAME = AppIcon;
				INFOPLIST_FILE = reviews/Info.plist;
				LD_RUNPATH_SEARCH_PATHS = "$(inherited) @executable_path/Frameworks";
				PRODUCT_BUNDLE_IDENTIFIER = com.piccolo.reviews;
				PRODUCT_NAME = "$(TARGET_NAME)";
			};
			name = Debug;
		};
		AA3FA55E1CE63FCF004165B5 /* Release */ = {
			isa = XCBuildConfiguration;
			baseConfigurationReference = 101966482226D8A9D1F39BEC /* Pods-reviews.release.xcconfig */;
			buildSettings = {
				ASSETCATALOG_COMPILER_APPICON_NAME = AppIcon;
				INFOPLIST_FILE = reviews/Info.plist;
				LD_RUNPATH_SEARCH_PATHS = "$(inherited) @executable_path/Frameworks";
				PRODUCT_BUNDLE_IDENTIFIER = com.piccolo.reviews;
				PRODUCT_NAME = "$(TARGET_NAME)";
			};
			name = Release;
		};
		AA3FA5601CE63FCF004165B5 /* Debug */ = {
			isa = XCBuildConfiguration;
			baseConfigurationReference = 71FF12D6CEBABCDA53C11389 /* Pods-reviewsTests.debug.xcconfig */;
			buildSettings = {
				BUNDLE_LOADER = "$(TEST_HOST)";
				INFOPLIST_FILE = reviewsTests/Info.plist;
				LD_RUNPATH_SEARCH_PATHS = "$(inherited) @executable_path/Frameworks @loader_path/Frameworks";
				PRODUCT_BUNDLE_IDENTIFIER = com.piccolo.reviewsTests;
				PRODUCT_NAME = "$(TARGET_NAME)";
				TEST_HOST = "$(BUILT_PRODUCTS_DIR)/reviews.app/reviews";
			};
			name = Debug;
		};
		AA3FA5611CE63FCF004165B5 /* Release */ = {
			isa = XCBuildConfiguration;
			baseConfigurationReference = 99C3CE84D25F0143D1B8F85D /* Pods-reviewsTests.release.xcconfig */;
			buildSettings = {
				BUNDLE_LOADER = "$(TEST_HOST)";
				INFOPLIST_FILE = reviewsTests/Info.plist;
				LD_RUNPATH_SEARCH_PATHS = "$(inherited) @executable_path/Frameworks @loader_path/Frameworks";
				PRODUCT_BUNDLE_IDENTIFIER = com.piccolo.reviewsTests;
				PRODUCT_NAME = "$(TARGET_NAME)";
				TEST_HOST = "$(BUILT_PRODUCTS_DIR)/reviews.app/reviews";
			};
			name = Release;
		};
/* End XCBuildConfiguration section */

/* Begin XCConfigurationList section */
		AA3FA5371CE63FCE004165B5 /* Build configuration list for PBXProject "reviews" */ = {
			isa = XCConfigurationList;
			buildConfigurations = (
				AA3FA55A1CE63FCF004165B5 /* Debug */,
				AA3FA55B1CE63FCF004165B5 /* Release */,
			);
			defaultConfigurationIsVisible = 0;
			defaultConfigurationName = Release;
		};
		AA3FA55C1CE63FCF004165B5 /* Build configuration list for PBXNativeTarget "reviews" */ = {
			isa = XCConfigurationList;
			buildConfigurations = (
				AA3FA55D1CE63FCF004165B5 /* Debug */,
				AA3FA55E1CE63FCF004165B5 /* Release */,
			);
			defaultConfigurationIsVisible = 0;
			defaultConfigurationName = Release;
		};
		AA3FA55F1CE63FCF004165B5 /* Build configuration list for PBXNativeTarget "reviewsTests" */ = {
			isa = XCConfigurationList;
			buildConfigurations = (
				AA3FA5601CE63FCF004165B5 /* Debug */,
				AA3FA5611CE63FCF004165B5 /* Release */,
			);
			defaultConfigurationIsVisible = 0;
			defaultConfigurationName = Release;
		};
/* End XCConfigurationList section */
	};
	rootObject = AA3FA5341CE63FCE004165B5 /* Project object */;
}
